
Microsoft Visual Studio Solution File, Format Version 12.00
# Visual Studio 14
VisualStudioVersion = 14.0.25420.1
MinimumVisualStudioVersion = 10.0.40219.1
Project("{FAE04EC0-301F-11D3-BF4B-00C04F79EFBC}") = "Anagrams.WebUI", "Anagrams.WebUI\Anagrams.WebUI.csproj", "{146B42F6-1D68-4A61-A8E3-281483DD720E}"
EndProject
Project("{FAE04EC0-301F-11D3-BF4B-00C04F79EFBC}") = "Anagrams.Tests", "Anagrams.Tests\Anagrams.Tests.csproj", "{144F794B-E70C-42AF-AB53-BA36EF77B765}"
EndProject
Project("{FAE04EC0-301F-11D3-BF4B-00C04F79EFBC}") = "Anagrams.Business", "Anagrams.Business\Anagrams.Business.csproj", "{D9FC8899-F1F7-4EAA-BD11-5E019517B9D5}"
EndProject
Project("{FAE04EC0-301F-11D3-BF4B-00C04F79EFBC}") = "Anagrams.Entity", "Anagrams.Entity\Anagrams.Entity.csproj", "{E2D5E87F-A718-49DF-8C90-DBE7F4CDC932}"
EndProject
Global
	GlobalSection(SolutionConfigurationPlatforms) = preSolution
		Debug|Any CPU = Debug|Any CPU
		Release|Any CPU = Release|Any CPU
	EndGlobalSection
	GlobalSection(ProjectConfigurationPlatforms) = postSolution
		{146B42F6-1D68-4A61-A8E3-281483DD720E}.Debug|Any CPU.ActiveCfg = Debug|Any CPU
		{146B42F6-1D68-4A61-A8E3-281483DD720E}.Debug|Any CPU.Build.0 = Debug|Any CPU
		{146B42F6-1D68-4A61-A8E3-281483DD720E}.Release|Any CPU.ActiveCfg = Release|Any CPU
		{146B42F6-1D68-4A61-A8E3-281483DD720E}.Release|Any CPU.Build.0 = Release|Any CPU
		{144F794B-E70C-42AF-AB53-BA36EF77B765}.Debug|Any CPU.ActiveCfg = Debug|Any CPU
		{144F794B-E70C-42AF-AB53-BA36EF77B765}.Debug|Any CPU.Build.0 = Debug|Any CPU
		{144F794B-E70C-42AF-AB53-BA36EF77B765}.Release|Any CPU.ActiveCfg = Release|Any CPU
		{144F794B-E70C-42AF-AB53-BA36EF77B765}.Release|Any CPU.Build.0 = Release|Any CPU
		{D9FC8899-F1F7-4EAA-BD11-5E019517B9D5}.Debug|Any CPU.ActiveCfg = Debug|Any CPU
		{D9FC8899-F1F7-4EAA-BD11-5E019517B9D5}.Debug|Any CPU.Build.0 = Debug|Any CPU
		{D9FC8899-F1F7-4EAA-BD11-5E019517B9D5}.Release|Any CPU.ActiveCfg = Release|Any CPU
		{D9FC8899-F1F7-4EAA-BD11-5E019517B9D5}.Release|Any CPU.Build.0 = Release|Any CPU
		{E2D5E87F-A718-49DF-8C90-DBE7F4CDC932}.Debug|Any CPU.ActiveCfg = Debug|Any CPU
		{E2D5E87F-A718-49DF-8C90-DBE7F4CDC932}.Debug|Any CPU.Build.0 = Debug|Any CPU
		{E2D5E87F-A718-49DF-8C90-DBE7F4CDC932}.Release|Any CPU.ActiveCfg = Release|Any CPU
		{E2D5E87F-A718-49DF-8C90-DBE7F4CDC932}.Release|Any CPU.Build.0 = Release|Any CPU
	EndGlobalSection
	GlobalSection(SolutionProperties) = preSolution
		HideSolutionNode = FALSE
	EndGlobalSection
EndGlobal
